
Microsoft Visual Studio Solution File, Format Version 12.00
# Visual Studio Version 17
VisualStudioVersion = 17.5.33530.505
MinimumVisualStudioVersion = 10.0.40219.1
Project("{FAE04EC0-301F-11D3-BF4B-00C04F79EFBC}") = "MVCDemoAssignment", "MVCDemoAssignment\MVCDemoAssignment.csproj", "{713D1489-646D-44EA-8216-41880CB45294}"
EndProject
Global
	GlobalSection(SolutionConfigurationPlatforms) = preSolution
		Debug|Any CPU = Debug|Any CPU
		Release|Any CPU = Release|Any CPU
	EndGlobalSection
	GlobalSection(ProjectConfigurationPlatforms) = postSolution
		{713D1489-646D-44EA-8216-41880CB45294}.Debug|Any CPU.ActiveCfg = Debug|Any CPU
		{713D1489-646D-44EA-8216-41880CB45294}.Debug|Any CPU.Build.0 = Debug|Any CPU
		{713D1489-646D-44EA-8216-41880CB45294}.Release|Any CPU.ActiveCfg = Release|Any CPU
		{713D1489-646D-44EA-8216-41880CB45294}.Release|Any CPU.Build.0 = Release|Any CPU
	EndGlobalSection
	GlobalSection(SolutionProperties) = preSolution
		HideSolutionNode = FALSE
	EndGlobalSection
	GlobalSection(ExtensibilityGlobals) = postSolution
		SolutionGuid = {52797A32-7593-44D3-8E19-48B45F2F4A8E}
	EndGlobalSection
EndGlobal
